{
	"name": "@s-isabella/settings",
	"version": "0.0.1",
	"lockfileVersion": 1,
	"requires": true,
	"dependencies": {
		"@types/lodash": {
			"version": "4.14.117",
			"resolved": "https://registry.npmjs.org/@types/lodash/-/lodash-4.14.117.tgz",
			"integrity": "sha512-xyf2m6tRbz8qQKcxYZa7PA4SllYcay+eh25DN3jmNYY6gSTL7Htc/bttVdkqj2wfJGbeWlQiX8pIyJpKU+tubw=="
		},
		"@types/lodash.camelcase": {
			"version": "4.3.4",
			"resolved": "https://registry.npmjs.org/@types/lodash.camelcase/-/lodash.camelcase-4.3.4.tgz",
			"integrity": "sha512-yx+TmSP3QnhUGdcxkvwV3O++eI6kXKf5E89yJutHR8ebdr5f7KF5XmTBIWrbXFBLo2JIcaBz2axdpe7/WiOT2g==",
			"requires": {
				"@types/lodash": "*"
			}
		},
		"@types/lodash.mapvalues": {
			"version": "4.6.4",
			"resolved": "https://registry.npmjs.org/@types/lodash.mapvalues/-/lodash.mapvalues-4.6.4.tgz",
			"integrity": "sha512-pmxGYRc+rbdUi214lmeM8v40Y+H5x/Jtky8C/Nml1YJB0nhrgFXhNNBZe+mO5Q4vjuHwsvMcJPPHr4L4UX0Kcg==",
			"requires": {
				"@types/lodash": "*"
			}
		},
		"@types/minimist": {
			"version": "1.2.0",
			"resolved": "http://registry.npmjs.org/@types/minimist/-/minimist-1.2.0.tgz",
			"integrity": "sha1-aaI6OtKcrwCX8G7aWbNh7i8GOfY="
		},
		"@types/node": {
			"version": "10.12.0",
			"resolved": "https://registry.npmjs.org/@types/node/-/node-10.12.0.tgz",
			"integrity": "sha512-3TUHC3jsBAB7qVRGxT6lWyYo2v96BMmD2PTcl47H25Lu7UXtFH/2qqmKiVrnel6Ne//0TFYf6uvNX+HW2FRkLQ=="
		},
		"lodash.camelcase": {
			"version": "4.3.0",
			"resolved": "https://registry.npmjs.org/lodash.camelcase/-/lodash.camelcase-4.3.0.tgz",
			"integrity": "sha1-soqmKIorn8ZRA1x3EfZathkDMaY="
		},
		"lodash.mapvalues": {
			"version": "4.6.0",
			"resolved": "https://registry.npmjs.org/lodash.mapvalues/-/lodash.mapvalues-4.6.0.tgz",
			"integrity": "sha1-G6+lAF3p3W9PJmaMMMo3IwzJaJw="
		},
		"minimist": {
			"version": "1.2.0",
			"resolved": "http://registry.npmjs.org/minimist/-/minimist-1.2.0.tgz",
			"integrity": "sha1-o1AIsg9BOD7sH7kU9M1d95omQoQ="
		}
	}
}
